
Microsoft Visual Studio Solution File, Format Version 12.00
# Visual Studio 14
VisualStudioVersion = 14.0.25420.1
MinimumVisualStudioVersion = 10.0.40219.1
Project("{8BC9CEB8-8B4A-11D0-8D11-00A0C91BC942}") = "ConvertAndFilter", "ConvertAndFilter\ConvertAndFilter.vcxproj", "{B91F1040-E5DF-4289-A43C-5A8BDCA67954}"
EndProject
Project("{8BC9CEB8-8B4A-11D0-8D11-00A0C91BC942}") = "MergePointClouds", "MergePointClouds\MergePointClouds.vcxproj", "{20876FEB-1522-4E11-B7A0-F193E9E1F16D}"
EndProject
Project("{2150E333-8FDC-42A3-9474-1A3956D46DE8}") = "Solution Items", "Solution Items", "{5DD06877-F565-4964-BDC5-1CFF3E3ECC62}"
	ProjectSection(SolutionItems) = preProject
		ReadMe.txt = ReadMe.txt
	EndProjectSection
EndProject
Project("{8BC9CEB8-8B4A-11D0-8D11-00A0C91BC942}") = "ShowPointCloud", "ShowPointCloud\ShowPointCloud.vcxproj", "{6A3E30B7-40E3-416B-8ACA-7295DC7788D4}"
EndProject
Global
	GlobalSection(SolutionConfigurationPlatforms) = preSolution
		Debug|x64 = Debug|x64
		Debug|x86 = Debug|x86
		Release|x64 = Release|x64
		Release|x86 = Release|x86
	EndGlobalSection
	GlobalSection(ProjectConfigurationPlatforms) = postSolution
		{B91F1040-E5DF-4289-A43C-5A8BDCA67954}.Debug|x64.ActiveCfg = Debug|x64
		{B91F1040-E5DF-4289-A43C-5A8BDCA67954}.Debug|x64.Build.0 = Debug|x64
		{B91F1040-E5DF-4289-A43C-5A8BDCA67954}.Debug|x86.ActiveCfg = Debug|Win32
		{B91F1040-E5DF-4289-A43C-5A8BDCA67954}.Debug|x86.Build.0 = Debug|Win32
		{B91F1040-E5DF-4289-A43C-5A8BDCA67954}.Release|x64.ActiveCfg = Release|x64
		{B91F1040-E5DF-4289-A43C-5A8BDCA67954}.Release|x64.Build.0 = Release|x64
		{B91F1040-E5DF-4289-A43C-5A8BDCA67954}.Release|x86.ActiveCfg = Release|Win32
		{B91F1040-E5DF-4289-A43C-5A8BDCA67954}.Release|x86.Build.0 = Release|Win32
		{20876FEB-1522-4E11-B7A0-F193E9E1F16D}.Debug|x64.ActiveCfg = Debug|x64
		{20876FEB-1522-4E11-B7A0-F193E9E1F16D}.Debug|x64.Build.0 = Debug|x64
		{20876FEB-1522-4E11-B7A0-F193E9E1F16D}.Debug|x86.ActiveCfg = Debug|Win32
		{20876FEB-1522-4E11-B7A0-F193E9E1F16D}.Debug|x86.Build.0 = Debug|Win32
		{20876FEB-1522-4E11-B7A0-F193E9E1F16D}.Release|x64.ActiveCfg = Release|x64
		{20876FEB-1522-4E11-B7A0-F193E9E1F16D}.Release|x64.Build.0 = Release|x64
		{20876FEB-1522-4E11-B7A0-F193E9E1F16D}.Release|x86.ActiveCfg = Release|Win32
		{20876FEB-1522-4E11-B7A0-F193E9E1F16D}.Release|x86.Build.0 = Release|Win32
		{6A3E30B7-40E3-416B-8ACA-7295DC7788D4}.Debug|x64.ActiveCfg = Debug|x64
		{6A3E30B7-40E3-416B-8ACA-7295DC7788D4}.Debug|x64.Build.0 = Debug|x64
		{6A3E30B7-40E3-416B-8ACA-7295DC7788D4}.Debug|x86.ActiveCfg = Debug|Win32
		{6A3E30B7-40E3-416B-8ACA-7295DC7788D4}.Debug|x86.Build.0 = Debug|Win32
		{6A3E30B7-40E3-416B-8ACA-7295DC7788D4}.Release|x64.ActiveCfg = Release|x64
		{6A3E30B7-40E3-416B-8ACA-7295DC7788D4}.Release|x64.Build.0 = Release|x64
		{6A3E30B7-40E3-416B-8ACA-7295DC7788D4}.Release|x86.ActiveCfg = Release|Win32
		{6A3E30B7-40E3-416B-8ACA-7295DC7788D4}.Release|x86.Build.0 = Release|Win32
	EndGlobalSection
	GlobalSection(SolutionProperties) = preSolution
		HideSolutionNode = FALSE
	EndGlobalSection
EndGlobal
