<?xml version="1.0" encoding="utf-8"?>
<Project ToolsVersion="4.0" xmlns="http://schemas.microsoft.com/developer/msbuild/2003">
  <ItemGroup>
    <ClCompile Include="depthframe.cpp" />
    <ClCompile Include="stdafx.cpp" />
    <ClCompile Include="root.cpp" />
    <ClCompile Include="plyreader.cpp" />
    <ClCompile Include="sensorbuffer.cpp" />
    <ClCompile Include="datreader.cpp" />
    <ClCompile Include="rectcontour.cpp" />
    <ClCompile Include="3dview.cpp">
      <Filter>view</Filter>
    </ClCompile>
    <ClCompile Include="analysisview.cpp">
      <Filter>view</Filter>
    </ClCompile>
    <ClCompile Include="colorview.cpp">
      <Filter>view</Filter>
    </ClCompile>
    <ClCompile Include="depthview.cpp">
      <Filter>view</Filter>
    </ClCompile>
    <ClCompile Include="depthview2.cpp">
      <Filter>view</Filter>
    </ClCompile>
    <ClCompile Include="filterview.cpp">
      <Filter>view</Filter>
    </ClCompile>
    <ClCompile Include="infraredview.cpp">
      <Filter>view</Filter>
    </ClCompile>
    <ClCompile Include="logview.cpp">
      <Filter>view</Filter>
    </ClCompile>
    <ClCompile Include="resultview.cpp">
      <Filter>view</Filter>
    </ClCompile>
    <ClCompile Include="cvutil.cpp" />
    <ClCompile Include="inputview.cpp">
      <Filter>view</Filter>
    </ClCompile>
    <ClCompile Include="boxview.cpp">
      <Filter>view</Filter>
    </ClCompile>
    <ClCompile Include="contour.cpp" />
    <ClCompile Include="clipper.cpp">
      <Filter>external</Filter>
    </ClCompile>
    <ClCompile Include="basler.cpp" />
    <ClCompile Include="baslersync.cpp" />
    <ClCompile Include="kinectv2.cpp" />
    <ClCompile Include="cameraview.cpp">
      <Filter>view</Filter>
    </ClCompile>
  </ItemGroup>
  <ItemGroup>
    <ClInclude Include="depthframe.h" />
    <ClInclude Include="stdafx.h" />
    <ClInclude Include="root.h" />
    <ClInclude Include="graphbuff.h" />
    <ClInclude Include="plyreader.h" />
    <ClInclude Include="sensorbuffer.h" />
    <ClInclude Include="datreader.h" />
    <ClInclude Include="rectcontour.h" />
    <ClInclude Include="3dview.h">
      <Filter>view</Filter>
    </ClInclude>
    <ClInclude Include="analysisview.h">
      <Filter>view</Filter>
    </ClInclude>
    <ClInclude Include="colorview.h">
      <Filter>view</Filter>
    </ClInclude>
    <ClInclude Include="depthview.h">
      <Filter>view</Filter>
    </ClInclude>
    <ClInclude Include="depthview2.h">
      <Filter>view</Filter>
    </ClInclude>
    <ClInclude Include="filterview.h">
      <Filter>view</Filter>
    </ClInclude>
    <ClInclude Include="infraredview.h">
      <Filter>view</Filter>
    </ClInclude>
    <ClInclude Include="logview.h">
      <Filter>view</Filter>
    </ClInclude>
    <ClInclude Include="resultview.h">
      <Filter>view</Filter>
    </ClInclude>
    <ClInclude Include="cvutil.h" />
    <ClInclude Include="inputview.h">
      <Filter>view</Filter>
    </ClInclude>
    <ClInclude Include="boxview.h">
      <Filter>view</Filter>
    </ClInclude>
    <ClInclude Include="contour.h" />
    <ClInclude Include="clipper.hpp">
      <Filter>external</Filter>
    </ClInclude>
    <ClInclude Include="basler.h" />
    <ClInclude Include="baslersync.h" />
    <ClInclude Include="StopWatch.h" />
    <ClInclude Include="kinectv2.h" />
    <ClInclude Include="cameraview.h">
      <Filter>view</Filter>
    </ClInclude>
  </ItemGroup>
  <ItemGroup>
    <Filter Include="view">
      <UniqueIdentifier>{4f40d4cc-aa1e-4510-abee-c57b172295bd}</UniqueIdentifier>
    </Filter>
    <Filter Include="external">
      <UniqueIdentifier>{ba0d210e-57bd-422c-890d-dba270c74e6a}</UniqueIdentifier>
    </Filter>
  </ItemGroup>
</Project>